{
  "lockfileVersion": 1,
  "workspaces": {
    "": {
      "name": "ald_backend",
      "dependencies": {
        "@hocuspocus/extension-database": "^3.4.0",
        "@hocuspocus/provider": "^3.4.1",
        "@hocuspocus/server": "^3.4.0",
        "@hono/node-server": "^1.19.7",
        "@hono/node-ws": "^1.2.0",
        "@hono/zod-openapi": "^1.1.5",
        "hono": "^4.10.6",
        "hono-openapi": "^1.1.1",
        "jose": "^6.1.2",
        "ws": "^8.18.3",
        "yjs": "^13.6.27",
        "zod": "^4.1.13",
      },
      "devDependencies": {
        "@types/bun": "latest",
        "@types/node": "^24.10.1",
        "@types/ws": "^8.18.1",
      },
      "peerDependencies": {
        "typescript": "^5",
      },
    },
  },
  "packages": {
    "@asteasolutions/zod-to-openapi": ["@asteasolutions/zod-to-openapi@8.1.0", "https://registry.npmmirror.com/@asteasolutions/zod-to-openapi/-/zod-to-openapi-8.1.0.tgz", { "dependencies": { "openapi3-ts": "^4.1.2" }, "peerDependencies": { "zod": "^4.0.0" } }, "sha512-tQFxVs05J/6QXXqIzj6rTRk3nj1HFs4pe+uThwE95jL5II2JfpVXkK+CqkO7aT0Do5AYqO6LDrKpleLUFXgY+g=="],

    "@hocuspocus/common": ["@hocuspocus/common@3.4.1", "https://registry.npmmirror.com/@hocuspocus/common/-/common-3.4.1.tgz", { "dependencies": { "lib0": "^0.2.87" } }, "sha512-29Dpa3nslBvM4dksIoskovYt/aecJomEeWE5Wmzr+lNFJje15P/L/47WcogguRd/IqYIu2auNTyKlouvSRrDAQ=="],

    "@hocuspocus/extension-database": ["@hocuspocus/extension-database@3.4.0", "https://registry.npmmirror.com/@hocuspocus/extension-database/-/extension-database-3.4.0.tgz", { "dependencies": { "@hocuspocus/server": "^3.4.0" }, "peerDependencies": { "yjs": "^13.6.8" } }, "sha512-YCTOu2SsWI17t7pp0jcRBVdcy7mYBCk/TBycj5jFuAs+JDd7qvA2Y719mm1xgxmKiXJMyvomnSXhTVgMfflmNA=="],

    "@hocuspocus/provider": ["@hocuspocus/provider@3.4.1", "https://registry.npmmirror.com/@hocuspocus/provider/-/provider-3.4.1.tgz", { "dependencies": { "@hocuspocus/common": "^3.4.1", "@lifeomic/attempt": "^3.0.2", "lib0": "^0.2.87", "ws": "^8.17.1" }, "peerDependencies": { "y-protocols": "^1.0.6", "yjs": "^13.6.8" } }, "sha512-lFNxXf2NsyhT8fvxX/N6caki97hbUUGOM79tAoeJty/Y6hKfQyY6ythvkeVdqk+yvx/RiVogrW4PLjazRGprGg=="],

    "@hocuspocus/server": ["@hocuspocus/server@3.4.0", "https://registry.npmmirror.com/@hocuspocus/server/-/server-3.4.0.tgz", { "dependencies": { "@hocuspocus/common": "^3.4.0", "async-lock": "^1.3.1", "async-mutex": "^0.5.0", "kleur": "^4.1.4", "lib0": "^0.2.47", "ws": "^8.5.0" }, "peerDependencies": { "y-protocols": "^1.0.6", "yjs": "^13.6.8" } }, "sha512-ludVWFkos7FgOmdGxn5UxhV7H0K4mMly8mq+wXAK8fOuW+9vrjQDfd23tOOcQPbZ0aGyPC0FMmEZ1GsFpVArCg=="],

    "@hono/node-server": ["@hono/node-server@1.19.7", "https://registry.npmmirror.com/@hono/node-server/-/node-server-1.19.7.tgz", { "peerDependencies": { "hono": "^4" } }, "sha512-vUcD0uauS7EU2caukW8z5lJKtoGMokxNbJtBiwHgpqxEXokaHCBkQUmCHhjFB1VUTWdqj25QoMkMKzgjq+uhrw=="],

    "@hono/node-ws": ["@hono/node-ws@1.2.0", "https://registry.npmmirror.com/@hono/node-ws/-/node-ws-1.2.0.tgz", { "dependencies": { "ws": "^8.17.0" }, "peerDependencies": { "@hono/node-server": "^1.11.1", "hono": "^4.6.0" } }, "sha512-OBPQ8OSHBw29mj00wT/xGYtB6HY54j0fNSdVZ7gZM3TUeq0So11GXaWtFf1xWxQNfumKIsj0wRuLKWfVsO5GgQ=="],

    "@hono/zod-openapi": ["@hono/zod-openapi@1.1.5", "https://registry.npmmirror.com/@hono/zod-openapi/-/zod-openapi-1.1.5.tgz", { "dependencies": { "@asteasolutions/zod-to-openapi": "^8.1.0", "@hono/zod-validator": "^0.7.4", "openapi3-ts": "^4.5.0" }, "peerDependencies": { "hono": ">=4.3.6", "zod": "^4.0.0" } }, "sha512-EAnY6ad4yt/MUKHx716BEGGOXSl5d0/FOLozOYB/pmSEFq07qrzefKFtBEMAgd3hlpJXjH+4lwgTtlAo+BGBgQ=="],

    "@hono/zod-validator": ["@hono/zod-validator@0.7.5", "https://registry.npmmirror.com/@hono/zod-validator/-/zod-validator-0.7.5.tgz", { "peerDependencies": { "hono": ">=3.9.0", "zod": "^3.25.0 || ^4.0.0" } }, "sha512-n4l4hutkfYU07PzRUHBOVzUEn38VSfrh+UVE5d0w4lyfWDOEhzxIupqo5iakRiJL44c3vTuFJBvcmUl8b9agIA=="],

    "@lifeomic/attempt": ["@lifeomic/attempt@3.1.0", "https://registry.npmmirror.com/@lifeomic/attempt/-/attempt-3.1.0.tgz", {}, "sha512-QZqem4QuAnAyzfz+Gj5/+SLxqwCAw2qmt7732ZXodr6VDWGeYLG6w1i/vYLa55JQM9wRuBKLmXmiZ2P0LtE5rw=="],

    "@standard-community/standard-json": ["@standard-community/standard-json@0.3.5", "https://registry.npmmirror.com/@standard-community/standard-json/-/standard-json-0.3.5.tgz", { "peerDependencies": { "@standard-schema/spec": "^1.0.0", "@types/json-schema": "^7.0.15", "@valibot/to-json-schema": "^1.3.0", "arktype": "^2.1.20", "effect": "^3.16.8", "quansync": "^0.2.11", "sury": "^10.0.0", "typebox": "^1.0.17", "valibot": "^1.1.0", "zod": "^3.25.0 || ^4.0.0", "zod-to-json-schema": "^3.24.5" }, "optionalPeers": ["@valibot/to-json-schema", "arktype", "effect", "sury", "typebox", "valibot", "zod", "zod-to-json-schema"] }, "sha512-4+ZPorwDRt47i+O7RjyuaxHRK/37QY/LmgxlGrRrSTLYoFatEOzvqIc85GTlM18SFZ5E91C+v0o/M37wZPpUHA=="],

    "@standard-community/standard-openapi": ["@standard-community/standard-openapi@0.2.9", "https://registry.npmmirror.com/@standard-community/standard-openapi/-/standard-openapi-0.2.9.tgz", { "peerDependencies": { "@standard-community/standard-json": "^0.3.5", "@standard-schema/spec": "^1.0.0", "arktype": "^2.1.20", "effect": "^3.17.14", "openapi-types": "^12.1.3", "sury": "^10.0.0", "typebox": "^1.0.0", "valibot": "^1.1.0", "zod": "^3.25.0 || ^4.0.0", "zod-openapi": "^4" }, "optionalPeers": ["arktype", "effect", "sury", "typebox", "valibot", "zod", "zod-openapi"] }, "sha512-htj+yldvN1XncyZi4rehbf9kLbu8os2Ke/rfqoZHCMHuw34kiF3LP/yQPdA0tQ940y8nDq3Iou8R3wG+AGGyvg=="],

    "@standard-schema/spec": ["@standard-schema/spec@1.0.0", "https://registry.npmmirror.com/@standard-schema/spec/-/spec-1.0.0.tgz", {}, "sha512-m2bOd0f2RT9k8QJx1JN85cZYyH1RqFBdlwtkSlf4tBDYLCiiZnv1fIIwacK6cqwXavOydf0NPToMQgpKq+dVlA=="],

    "@types/bun": ["@types/bun@1.3.3", "https://registry.npmmirror.com/@types/bun/-/bun-1.3.3.tgz", { "dependencies": { "bun-types": "1.3.3" } }, "sha512-ogrKbJ2X5N0kWLLFKeytG0eHDleBYtngtlbu9cyBKFtNL3cnpDZkNdQj8flVf6WTZUX5ulI9AY1oa7ljhSrp+g=="],

    "@types/json-schema": ["@types/json-schema@7.0.15", "https://registry.npmmirror.com/@types/json-schema/-/json-schema-7.0.15.tgz", {}, "sha512-5+fP8P8MFNC+AyZCDxrB2pkZFPGzqQWUzpSeuuVLvm8VMcorNYavBqoFcxK8bQz4Qsbn4oUEEem4wDLfcysGHA=="],

    "@types/node": ["@types/node@24.10.1", "https://registry.npmmirror.com/@types/node/-/node-24.10.1.tgz", { "dependencies": { "undici-types": "~7.16.0" } }, "sha512-GNWcUTRBgIRJD5zj+Tq0fKOJ5XZajIiBroOF0yvj2bSU1WvNdYS/dn9UxwsujGW4JX06dnHyjV2y9rRaybH0iQ=="],

    "@types/ws": ["@types/ws@8.18.1", "https://registry.npmmirror.com/@types/ws/-/ws-8.18.1.tgz", { "dependencies": { "@types/node": "*" } }, "sha512-ThVF6DCVhA8kUGy+aazFQ4kXQ7E1Ty7A3ypFOe0IcJV8O/M511G99AW24irKrW56Wt44yG9+ij8FaqoBGkuBXg=="],

    "async-lock": ["async-lock@1.4.1", "https://registry.npmmirror.com/async-lock/-/async-lock-1.4.1.tgz", {}, "sha512-Az2ZTpuytrtqENulXwO3GGv1Bztugx6TT37NIo7imr/Qo0gsYiGtSdBa2B6fsXhTpVZDNfu1Qn3pk531e3q+nQ=="],

    "async-mutex": ["async-mutex@0.5.0", "https://registry.npmmirror.com/async-mutex/-/async-mutex-0.5.0.tgz", { "dependencies": { "tslib": "^2.4.0" } }, "sha512-1A94B18jkJ3DYq284ohPxoXbfTA5HsQ7/Mf4DEhcyLx3Bz27Rh59iScbB6EPiP+B+joue6YCxcMXSbFC1tZKwA=="],

    "bun-types": ["bun-types@1.3.3", "https://registry.npmmirror.com/bun-types/-/bun-types-1.3.3.tgz", { "dependencies": { "@types/node": "*" } }, "sha512-z3Xwlg7j2l9JY27x5Qn3Wlyos8YAp0kKRlrePAOjgjMGS5IG6E7Jnlx736vH9UVI4wUICwwhC9anYL++XeOgTQ=="],

    "hono": ["hono@4.10.6", "https://registry.npmmirror.com/hono/-/hono-4.10.6.tgz", {}, "sha512-BIdolzGpDO9MQ4nu3AUuDwHZZ+KViNm+EZ75Ae55eMXMqLVhDFqEMXxtUe9Qh8hjL+pIna/frs2j6Y2yD5Ua/g=="],

    "hono-openapi": ["hono-openapi@1.1.1", "https://registry.npmmirror.com/hono-openapi/-/hono-openapi-1.1.1.tgz", { "peerDependencies": { "@hono/standard-validator": "^0.1.2", "@standard-community/standard-json": "^0.3.5", "@standard-community/standard-openapi": "^0.2.8", "@types/json-schema": "^7.0.15", "hono": "^4.8.3", "openapi-types": "^12.1.3" }, "optionalPeers": ["@hono/standard-validator", "hono"] }, "sha512-AC3HNhZYPHhnZdSy2Je7GDoTTNxPos6rKRQKVDBbSilY3cWJPqsxRnN6zA4pU7tfxmQEMTqkiLXbw6sAaemB8Q=="],

    "isomorphic.js": ["isomorphic.js@0.2.5", "https://registry.npmmirror.com/isomorphic.js/-/isomorphic.js-0.2.5.tgz", {}, "sha512-PIeMbHqMt4DnUP3MA/Flc0HElYjMXArsw1qwJZcm9sqR8mq3l8NYizFMty0pWwE/tzIGH3EKK5+jes5mAr85yw=="],

    "jose": ["jose@6.1.2", "https://registry.npmmirror.com/jose/-/jose-6.1.2.tgz", {}, "sha512-MpcPtHLE5EmztuFIqB0vzHAWJPpmN1E6L4oo+kze56LIs3MyXIj9ZHMDxqOvkP38gBR7K1v3jqd4WU2+nrfONQ=="],

    "kleur": ["kleur@4.1.5", "https://registry.npmmirror.com/kleur/-/kleur-4.1.5.tgz", {}, "sha512-o+NO+8WrRiQEE4/7nwRJhN1HWpVmJm511pBHUxPLtp0BUISzlBplORYSmTclCnJvQq2tKu/sgl3xVpkc7ZWuQQ=="],

    "lib0": ["lib0@0.2.114", "https://registry.npmmirror.com/lib0/-/lib0-0.2.114.tgz", { "dependencies": { "isomorphic.js": "^0.2.4" }, "bin": { "0gentesthtml": "bin/gentesthtml.js", "0serve": "bin/0serve.js", "0ecdsa-generate-keypair": "bin/0ecdsa-generate-keypair.js" } }, "sha512-gcxmNFzA4hv8UYi8j43uPlQ7CGcyMJ2KQb5kZASw6SnAKAf10hK12i2fjrS3Cl/ugZa5Ui6WwIu1/6MIXiHttQ=="],

    "openapi-types": ["openapi-types@12.1.3", "https://registry.npmmirror.com/openapi-types/-/openapi-types-12.1.3.tgz", {}, "sha512-N4YtSYJqghVu4iek2ZUvcN/0aqH1kRDuNqzcycDxhOUpg7GdvLa2F3DgS6yBNhInhv2r/6I0Flkn7CqL8+nIcw=="],

    "openapi3-ts": ["openapi3-ts@4.5.0", "https://registry.npmmirror.com/openapi3-ts/-/openapi3-ts-4.5.0.tgz", { "dependencies": { "yaml": "^2.8.0" } }, "sha512-jaL+HgTq2Gj5jRcfdutgRGLosCy/hT8sQf6VOy+P+g36cZOjI1iukdPnijC+4CmeRzg/jEllJUboEic2FhxhtQ=="],

    "quansync": ["quansync@0.2.11", "https://registry.npmmirror.com/quansync/-/quansync-0.2.11.tgz", {}, "sha512-AifT7QEbW9Nri4tAwR5M/uzpBuqfZf+zwaEM/QkzEjj7NBuFD2rBuy0K3dE+8wltbezDV7JMA0WfnCPYRSYbXA=="],

    "tslib": ["tslib@2.8.1", "https://registry.npmmirror.com/tslib/-/tslib-2.8.1.tgz", {}, "sha512-oJFu94HQb+KVduSUQL7wnpmqnfmLsOA/nAh6b6EH0wCEoK0/mPeXU6c3wKDV83MkOuHPRHtSXKKU99IBazS/2w=="],

    "typescript": ["typescript@5.9.3", "https://registry.npmmirror.com/typescript/-/typescript-5.9.3.tgz", { "bin": { "tsc": "bin/tsc", "tsserver": "bin/tsserver" } }, "sha512-jl1vZzPDinLr9eUt3J/t7V6FgNEw9QjvBPdysz9KfQDD41fQrC2Y4vKQdiaUpFT4bXlb1RHhLpp8wtm6M5TgSw=="],

    "undici-types": ["undici-types@7.16.0", "https://registry.npmmirror.com/undici-types/-/undici-types-7.16.0.tgz", {}, "sha512-Zz+aZWSj8LE6zoxD+xrjh4VfkIG8Ya6LvYkZqtUQGJPZjYl53ypCaUwWqo7eI0x66KBGeRo+mlBEkMSeSZ38Nw=="],

    "ws": ["ws@8.18.3", "https://registry.npmmirror.com/ws/-/ws-8.18.3.tgz", { "peerDependencies": { "bufferutil": "^4.0.1", "utf-8-validate": ">=5.0.2" }, "optionalPeers": ["bufferutil", "utf-8-validate"] }, "sha512-PEIGCY5tSlUt50cqyMXfCzX+oOPqN0vuGqWzbcJ2xvnkzkq46oOpz7dQaTDBdfICb4N14+GARUDw2XV2N4tvzg=="],

    "y-protocols": ["y-protocols@1.0.6", "https://registry.npmmirror.com/y-protocols/-/y-protocols-1.0.6.tgz", { "dependencies": { "lib0": "^0.2.85" }, "peerDependencies": { "yjs": "^13.0.0" } }, "sha512-vHRF2L6iT3rwj1jub/K5tYcTT/mEYDUppgNPXwp8fmLpui9f7Yeq3OEtTLVF012j39QnV+KEQpNqoN7CWU7Y9Q=="],

    "yaml": ["yaml@2.8.1", "https://registry.npmmirror.com/yaml/-/yaml-2.8.1.tgz", { "bin": { "yaml": "bin.mjs" } }, "sha512-lcYcMxX2PO9XMGvAJkJ3OsNMw+/7FKes7/hgerGUYWIoWu5j/+YQqcZr5JnPZWzOsEBgMbSbiSTn/dv/69Mkpw=="],

    "yjs": ["yjs@13.6.27", "https://registry.npmmirror.com/yjs/-/yjs-13.6.27.tgz", { "dependencies": { "lib0": "^0.2.99" } }, "sha512-OIDwaflOaq4wC6YlPBy2L6ceKeKuF7DeTxx+jPzv1FHn9tCZ0ZwSRnUBxD05E3yed46fv/FWJbvR+Ud7x0L7zw=="],

    "zod": ["zod@4.1.13", "https://registry.npmmirror.com/zod/-/zod-4.1.13.tgz", {}, "sha512-AvvthqfqrAhNH9dnfmrfKzX5upOdjUVJYFqNSlkmGf64gRaTzlPwz99IHYnVs28qYAybvAlBV+H7pn0saFY4Ig=="],

    "@hocuspocus/server/@hocuspocus/common": ["@hocuspocus/common@3.4.0", "https://registry.npmmirror.com/@hocuspocus/common/-/common-3.4.0.tgz", { "dependencies": { "lib0": "^0.2.87" } }, "sha512-vN0kE/mGTjuwchq16naq+nEjFDmeSLNCkDSAB7DKvpZnuG4KQi5oC42VFdKbq/baQTbDMSe82rI7f9riOR8idQ=="],
  }
}
